# This file is autogenerated, do not edit; changes may be undone by the next 'dep ensure'.


[[projects]]
  branch = "master"
  digest = "1:859192438715a9653a93c1c5923b8742fe1b4d57a6018f7e38d688270e48be89"
  name = "github.com/GetStream/go-lzo"
  packages = ["."]
  pruneopts = ""
  revision = "affec0788321cffe2c68821be1e07e87127b17f0"

[[projects]]
  branch = "master"
  digest = "1:ec2c76967ef0344ad53f73b1bfeb74aad8ecc3cbc41ee1fc74b51a24d7351011"
  name = "github.com/RichardKnop/logging"
  packages = ["."]
  pruneopts = ""
  revision = "66aaaba182584c20ec574b064975974f92f0936a"

[[projects]]
  branch = "master"
  digest = "1:2b036724237c0630b22864b499d27a35e7f9f0eefc3d90bf738571617d6ceaae"
  name = "github.com/bradfitz/gomemcache"
  packages = ["memcache"]
  pruneopts = ""
  revision = "1952afaa557dc08e8e0d89eafab110fb501c1a2b"

[[projects]]
  digest = "1:56c130d885a4aacae1dd9c7b71cfe39912c7ebc1ff7d2b46083c8812996dc43b"
  name = "github.com/davecgh/go-spew"
  packages = ["spew"]
  pruneopts = ""
  revision = "346938d642f2ec3594ed81d874461961cd0faa76"
  version = "v1.1.0"

[[projects]]
  digest = "1:9edeb5a0bfb31fd45134c4d35865a4d08f310c0bc200901ce1370cb90494f3e2"
  name = "github.com/garyburd/redigo"
  packages = [
    "internal",
    "redis",
  ]
  pruneopts = ""
  revision = "d1ed5c67e5794de818ea85e6b522fda02623a484"
  version = "v1.4.0"

[[projects]]
  digest = "1:735a3af52e8c96ec2c6b44dac8b18005a8484ccbb2e599430b7848da4d49b014"
  name = "github.com/go-redsync/redsync"
  packages = ["."]
  pruneopts = ""
  revision = "98dabdf1c8574561bf976911c14ff652c47b1ddf"
  version = "v1.0.1"

[[projects]]
  digest = "1:b60a24f942c7031ece6c48bcab0b683c7d3d6aa9fd17e21459d9ae604da258fa"
  name = "github.com/kelseyhightower/envconfig"
  packages = ["."]
  pruneopts = ""
  revision = "f611eb38b3875cc3bd991ca91c51d06446afa14c"
  version = "v1.3.0"

[[projects]]
  digest = "1:256484dbbcd271f9ecebc6795b2df8cad4c458dd0f5fd82a8c2fa0c29f233411"
  name = "github.com/pmezard/go-difflib"
  packages = ["difflib"]
  pruneopts = ""
  revision = "792786c7400a136282c1664665ae0a8db921c6c2"
  version = "v1.0.0"

[[projects]]
  digest = "1:7f569d906bdd20d906b606415b7d794f798f91a62fcfb6a4daa6d50690fb7a3f"
  name = "github.com/satori/go.uuid"
  packages = ["."]
  pruneopts = ""
  revision = "f58768cc1a7a7e77a3bd49e98cdd21419399b6a3"
  version = "v1.2.0"

[[projects]]
  branch = "master"
  digest = "1:6129b4dd4d1905093ece9caa74737eacc76ae5d249269ca73e9e976726f53331"
  name = "github.com/streadway/amqp"
  packages = ["."]
  pruneopts = ""
  revision = "54ded0531dfd699a7893861d39a7a949c5749bc9"

[[projects]]
  digest = "1:2d0dc026c4aef5e2f3a0e06a4dabe268b840d8f63190cf6894e02134a03f52c5"
  name = "github.com/stretchr/testify"
  packages = [
    "assert",
    "require",
    "suite",
  ]
  pruneopts = ""
  revision = "b91bfb9ebec76498946beb6af7c0230c7cc7ba6c"
  version = "v1.2.0"

[[projects]]
  digest = "1:e85837cb04b78f61688c6eba93ea9d14f60d611e2aaf8319999b1a60d2dafbfa"
  name = "github.com/urfave/cli"
  packages = ["."]
  pruneopts = ""
  revision = "cfb38830724cc34fedffe9a2a29fb54fa9169cd1"
  version = "v1.20.0"

[[projects]]
  branch = "master"
  digest = "1:36b663edad28d59e0759fc5eaccbc7d502c1df8af775e26df73a87eabb8b5350"
  name = "golang.org/x/net"
  packages = ["context"]
  pruneopts = ""
  revision = "d25186b37f34ebdbbea8f488ef055638dfab272d"

[[projects]]
  branch = "master"
  digest = "1:8aad4e360d6645abe564e925bd6d8d3b94975e52ce68af0c28f91b5aedb0637f"
  name = "golang.org/x/sync"
  packages = ["semaphore"]
  pruneopts = ""
  revision = "fd80eb99c8f653c847d294a001bdf2a3a6f768f5"

[[projects]]
  branch = "v2"
  digest = "1:c80894778314c7fb90d94a5ab925214900e1341afeddc953cda7398b8cdcd006"
  name = "gopkg.in/mgo.v2"
  packages = [
    ".",
    "bson",
    "internal/json",
    "internal/sasl",
    "internal/scram",
  ]
  pruneopts = ""
  revision = "3f83fa5005286a7fe593b055f0d7771a7dce4655"

[[projects]]
  branch = "v2"
  digest = "1:4b4e5848dfe7f316f95f754df071bebfb40cf4482da62e17e7e1aebdf11f4918"
  name = "gopkg.in/yaml.v2"
  packages = ["."]
  pruneopts = ""
  revision = "d670f9405373e636a5a2765eea47fac0c9bc91a4"

[solve-meta]
  analyzer-name = "dep"
  analyzer-version = 1
  input-imports = [
    "github.com/GetStream/go-lzo",
    "github.com/RichardKnop/logging",
    "github.com/bradfitz/gomemcache/memcache",
    "github.com/garyburd/redigo/redis",
    "github.com/go-redsync/redsync",
    "github.com/kelseyhightower/envconfig",
    "github.com/satori/go.uuid",
    "github.com/streadway/amqp",
    "github.com/stretchr/testify/assert",
    "github.com/stretchr/testify/require",
    "github.com/stretchr/testify/suite",
    "github.com/urfave/cli",
    "golang.org/x/sync/semaphore",
    "gopkg.in/mgo.v2",
    "gopkg.in/mgo.v2/bson",
    "gopkg.in/yaml.v2",
  ]
  solver-name = "gps-cdcl"
  solver-version = 1
